<?xml version="1.0" encoding="utf-8"?>
<Project ToolsVersion="4.0" xmlns="http://schemas.microsoft.com/developer/msbuild/2003">
  <ItemGroup>
    <ClInclude Include="source\Bengine\Burnham.h">
      <Filter>Header Files</Filter>
    </ClInclude>
    <ClInclude Include="source\Bengine\Errors.h">
      <Filter>Header Files</Filter>
    </ClInclude>
    <ClInclude Include="source\Bengine\Camera2D.h">
      <Filter>Header Files</Filter>
    </ClInclude>
    <ClInclude Include="source\Bengine\GLSLProgram.h">
      <Filter>Header Files</Filter>
    </ClInclude>
    <ClInclude Include="source\Bengine\GLTexture.h">
      <Filter>Header Files</Filter>
    </ClInclude>
    <ClInclude Include="source\Bengine\ImageLoader.h">
      <Filter>Header Files</Filter>
    </ClInclude>
    <ClInclude Include="source\Bengine\InputManager.h">
      <Filter>Header Files</Filter>
    </ClInclude>
    <ClInclude Include="source\Bengine\IOManager.h">
      <Filter>Header Files</Filter>
    </ClInclude>
    <ClInclude Include="source\Bengine\picoPNG.h">
      <Filter>Header Files</Filter>
    </ClInclude>
    <ClInclude Include="source\Bengine\ResourceManager.h">
      <Filter>Header Files</Filter>
    </ClInclude>
    <ClInclude Include="source\Bengine\Sprite.h">
      <Filter>Header Files</Filter>
    </ClInclude>
    <ClInclude Include="source\Bengine\SpriteBatch.h">
      <Filter>Header Files</Filter>
    </ClInclude>
    <ClInclude Include="source\Bengine\TextureCache.h">
      <Filter>Header Files</Filter>
    </ClInclude>
    <ClInclude Include="source\Bengine\Timing.h">
      <Filter>Header Files</Filter>
    </ClInclude>
    <ClInclude Include="source\Bengine\Vertex.h">
      <Filter>Header Files</Filter>
    </ClInclude>
    <ClInclude Include="source\Bengine\Window.h">
      <Filter>Header Files</Filter>
    </ClInclude>
  </ItemGroup>
  <ItemGroup>
    <Filter Include="Burnham">
      <UniqueIdentifier>{12f8edc6-8506-4af7-9508-bf3758d7192f}</UniqueIdentifier>
    </Filter>
    <Filter Include="Header Files">
      <UniqueIdentifier>{b665071d-5570-4e86-9863-965a73e3d433}</UniqueIdentifier>
    </Filter>
    <Filter Include="Source Files">
      <UniqueIdentifier>{97cc5e5a-19bc-416f-866e-7cd51c2dd67f}</UniqueIdentifier>
    </Filter>
  </ItemGroup>
  <ItemGroup>
    <ClCompile Include="source\Bengine\Burnham.cpp">
      <Filter>Source Files</Filter>
    </ClCompile>
    <ClCompile Include="source\Bengine\Camera2D.cpp">
      <Filter>Source Files</Filter>
    </ClCompile>
    <ClCompile Include="source\Bengine\Errors.cpp">
      <Filter>Source Files</Filter>
    </ClCompile>
    <ClCompile Include="source\Bengine\GLSLProgram.cpp">
      <Filter>Source Files</Filter>
    </ClCompile>
    <ClCompile Include="source\Bengine\ImageLoader.cpp">
      <Filter>Source Files</Filter>
    </ClCompile>
    <ClCompile Include="source\Bengine\InputManager.cpp">
      <Filter>Source Files</Filter>
    </ClCompile>
    <ClCompile Include="source\Bengine\IOManager.cpp">
      <Filter>Source Files</Filter>
    </ClCompile>
    <ClCompile Include="source\Bengine\main.cpp">
      <Filter>Source Files</Filter>
    </ClCompile>
    <ClCompile Include="source\Bengine\picoPNG.cpp">
      <Filter>Source Files</Filter>
    </ClCompile>
    <ClCompile Include="source\Bengine\ResourceManager.cpp">
      <Filter>Source Files</Filter>
    </ClCompile>
    <ClCompile Include="source\Bengine\Sprite.cpp">
      <Filter>Source Files</Filter>
    </ClCompile>
    <ClCompile Include="source\Bengine\SpriteBatch.cpp">
      <Filter>Source Files</Filter>
    </ClCompile>
    <ClCompile Include="source\Bengine\TextureCache.cpp">
      <Filter>Source Files</Filter>
    </ClCompile>
    <ClCompile Include="source\Bengine\Timing.cpp">
      <Filter>Source Files</Filter>
    </ClCompile>
    <ClCompile Include="source\Bengine\Window.cpp">
      <Filter>Source Files</Filter>
    </ClCompile>
  </ItemGroup>
</Project>