<?xml version="1.0" encoding="utf-8"?>
<Project ToolsVersion="4.0" xmlns="http://schemas.microsoft.com/developer/msbuild/2003">
  <ItemGroup>
    <ClInclude Include="LuaManager.h" />
    <ClInclude Include="source\Burnham\Burnham.h">
      <Filter>Header Files</Filter>
    </ClInclude>
    <ClInclude Include="source\Burnham\Camera2D.h">
      <Filter>Header Files</Filter>
    </ClInclude>
    <ClInclude Include="source\Burnham\Errors.h">
      <Filter>Header Files</Filter>
    </ClInclude>
    <ClInclude Include="source\Burnham\GLSLProgram.h">
      <Filter>Header Files</Filter>
    </ClInclude>
    <ClInclude Include="source\Burnham\GLTexture.h">
      <Filter>Header Files</Filter>
    </ClInclude>
    <ClInclude Include="source\Burnham\ImageLoader.h">
      <Filter>Header Files</Filter>
    </ClInclude>
    <ClInclude Include="source\Burnham\InputManager.h">
      <Filter>Header Files</Filter>
    </ClInclude>
    <ClInclude Include="source\Burnham\IOManager.h">
      <Filter>Header Files</Filter>
    </ClInclude>
    <ClInclude Include="source\Burnham\picoPNG.h">
      <Filter>Header Files</Filter>
    </ClInclude>
    <ClInclude Include="source\Burnham\ResourceManager.h">
      <Filter>Header Files</Filter>
    </ClInclude>
    <ClInclude Include="source\Burnham\Sprite.h">
      <Filter>Header Files</Filter>
    </ClInclude>
    <ClInclude Include="source\Burnham\SpriteBatch.h">
      <Filter>Header Files</Filter>
    </ClInclude>
    <ClInclude Include="source\Burnham\TextureCache.h">
      <Filter>Header Files</Filter>
    </ClInclude>
    <ClInclude Include="source\Burnham\Timing.h">
      <Filter>Header Files</Filter>
    </ClInclude>
    <ClInclude Include="source\Burnham\Vertex.h">
      <Filter>Header Files</Filter>
    </ClInclude>
    <ClInclude Include="source\Burnham\Window.h">
      <Filter>Header Files</Filter>
    </ClInclude>
  </ItemGroup>
  <ItemGroup>
    <Filter Include="Header Files">
      <UniqueIdentifier>{b665071d-5570-4e86-9863-965a73e3d433}</UniqueIdentifier>
    </Filter>
    <Filter Include="Source Files">
      <UniqueIdentifier>{97cc5e5a-19bc-416f-866e-7cd51c2dd67f}</UniqueIdentifier>
    </Filter>
  </ItemGroup>
  <ItemGroup>
    <ClCompile Include="LuaManager.cpp" />
    <ClCompile Include="source\Burnham\Burnham.cpp">
      <Filter>Source Files</Filter>
    </ClCompile>
    <ClCompile Include="source\Burnham\Camera2D.cpp">
      <Filter>Source Files</Filter>
    </ClCompile>
    <ClCompile Include="source\Burnham\Errors.cpp">
      <Filter>Source Files</Filter>
    </ClCompile>
    <ClCompile Include="source\Burnham\GLSLProgram.cpp">
      <Filter>Source Files</Filter>
    </ClCompile>
    <ClCompile Include="source\Burnham\ImageLoader.cpp">
      <Filter>Source Files</Filter>
    </ClCompile>
    <ClCompile Include="source\Burnham\InputManager.cpp">
      <Filter>Source Files</Filter>
    </ClCompile>
    <ClCompile Include="source\Burnham\IOManager.cpp">
      <Filter>Source Files</Filter>
    </ClCompile>
    <ClCompile Include="source\Burnham\picoPNG.cpp">
      <Filter>Source Files</Filter>
    </ClCompile>
    <ClCompile Include="source\Burnham\ResourceManager.cpp">
      <Filter>Source Files</Filter>
    </ClCompile>
    <ClCompile Include="source\Burnham\Sprite.cpp">
      <Filter>Source Files</Filter>
    </ClCompile>
    <ClCompile Include="source\Burnham\SpriteBatch.cpp">
      <Filter>Source Files</Filter>
    </ClCompile>
    <ClCompile Include="source\Burnham\TextureCache.cpp">
      <Filter>Source Files</Filter>
    </ClCompile>
    <ClCompile Include="source\Burnham\Timing.cpp">
      <Filter>Source Files</Filter>
    </ClCompile>
    <ClCompile Include="source\Burnham\Window.cpp">
      <Filter>Source Files</Filter>
    </ClCompile>
  </ItemGroup>
</Project>